
Microsoft Visual Studio Solution File, Format Version 12.00
# Visual Studio 15
VisualStudioVersion = 15.0.28307.102
MinimumVisualStudioVersion = 10.0.40219.1
Project("{FAE04EC0-301F-11D3-BF4B-00C04F79EFBC}") = "LightShotParser", "LightShot\LightShotParser.csproj", "{F7331CC6-B1A1-4C4B-ACB0-364D6FEFE519}"
EndProject
Global
	GlobalSection(SolutionConfigurationPlatforms) = preSolution
		Debug|Any CPU = Debug|Any CPU
		Release|Any CPU = Release|Any CPU
	EndGlobalSection
	GlobalSection(ProjectConfigurationPlatforms) = postSolution
		{F7331CC6-B1A1-4C4B-ACB0-364D6FEFE519}.Debug|Any CPU.ActiveCfg = Debug|Any CPU
		{F7331CC6-B1A1-4C4B-ACB0-364D6FEFE519}.Debug|Any CPU.Build.0 = Debug|Any CPU
		{F7331CC6-B1A1-4C4B-ACB0-364D6FEFE519}.Release|Any CPU.ActiveCfg = Release|Any CPU
		{F7331CC6-B1A1-4C4B-ACB0-364D6FEFE519}.Release|Any CPU.Build.0 = Release|Any CPU
	EndGlobalSection
	GlobalSection(SolutionProperties) = preSolution
		HideSolutionNode = FALSE
	EndGlobalSection
	GlobalSection(ExtensibilityGlobals) = postSolution
		SolutionGuid = {49B7666C-3008-4017-A067-0736C0906FE9}
	EndGlobalSection
EndGlobal
